
Microsoft Visual Studio Solution File, Format Version 12.00
# Visual Studio 14
VisualStudioVersion = 14.0.25420.1
MinimumVisualStudioVersion = 10.0.40219.1
Project("{FAE04EC0-301F-11D3-BF4B-00C04F79EFBC}") = "SuperCalc", "SuperCalc\SuperCalc.csproj", "{353D6358-4EEB-4AED-9674-DCC827D02910}"
EndProject
Project("{FAE04EC0-301F-11D3-BF4B-00C04F79EFBC}") = "Command", "Command\Command.csproj", "{181DC9C3-D388-4D68-ADA6-C35F281DC096}"
EndProject
Project("{FAE04EC0-301F-11D3-BF4B-00C04F79EFBC}") = "Polynomial", "Polynomial\Polynomial.csproj", "{FEF025BD-9734-4BD2-A241-56BFF3954487}"
EndProject
Project("{FAE04EC0-301F-11D3-BF4B-00C04F79EFBC}") = "Trigonometry", "Trigonometry\Trigonometry\Trigonometry.csproj", "{16073D30-3438-44D7-A0FC-4096BABE12C7}"
EndProject
Project("{FAE04EC0-301F-11D3-BF4B-00C04F79EFBC}") = "BasicMath", "BasicMathLib\BasicMath.csproj", "{5973547B-FAEF-4225-9743-6173503EA121}"
EndProject
Global
	GlobalSection(SolutionConfigurationPlatforms) = preSolution
		Debug|Any CPU = Debug|Any CPU
		Release|Any CPU = Release|Any CPU
	EndGlobalSection
	GlobalSection(ProjectConfigurationPlatforms) = postSolution
		{353D6358-4EEB-4AED-9674-DCC827D02910}.Debug|Any CPU.ActiveCfg = Debug|Any CPU
		{353D6358-4EEB-4AED-9674-DCC827D02910}.Debug|Any CPU.Build.0 = Debug|Any CPU
		{353D6358-4EEB-4AED-9674-DCC827D02910}.Release|Any CPU.ActiveCfg = Release|Any CPU
		{353D6358-4EEB-4AED-9674-DCC827D02910}.Release|Any CPU.Build.0 = Release|Any CPU
		{181DC9C3-D388-4D68-ADA6-C35F281DC096}.Debug|Any CPU.ActiveCfg = Debug|Any CPU
		{181DC9C3-D388-4D68-ADA6-C35F281DC096}.Debug|Any CPU.Build.0 = Debug|Any CPU
		{181DC9C3-D388-4D68-ADA6-C35F281DC096}.Release|Any CPU.ActiveCfg = Release|Any CPU
		{181DC9C3-D388-4D68-ADA6-C35F281DC096}.Release|Any CPU.Build.0 = Release|Any CPU
		{FEF025BD-9734-4BD2-A241-56BFF3954487}.Debug|Any CPU.ActiveCfg = Debug|Any CPU
		{FEF025BD-9734-4BD2-A241-56BFF3954487}.Debug|Any CPU.Build.0 = Debug|Any CPU
		{FEF025BD-9734-4BD2-A241-56BFF3954487}.Release|Any CPU.ActiveCfg = Release|Any CPU
		{FEF025BD-9734-4BD2-A241-56BFF3954487}.Release|Any CPU.Build.0 = Release|Any CPU
		{16073D30-3438-44D7-A0FC-4096BABE12C7}.Debug|Any CPU.ActiveCfg = Debug|Any CPU
		{16073D30-3438-44D7-A0FC-4096BABE12C7}.Debug|Any CPU.Build.0 = Debug|Any CPU
		{16073D30-3438-44D7-A0FC-4096BABE12C7}.Release|Any CPU.ActiveCfg = Release|Any CPU
		{16073D30-3438-44D7-A0FC-4096BABE12C7}.Release|Any CPU.Build.0 = Release|Any CPU
		{5973547B-FAEF-4225-9743-6173503EA121}.Debug|Any CPU.ActiveCfg = Debug|Any CPU
		{5973547B-FAEF-4225-9743-6173503EA121}.Debug|Any CPU.Build.0 = Debug|Any CPU
		{5973547B-FAEF-4225-9743-6173503EA121}.Release|Any CPU.ActiveCfg = Release|Any CPU
		{5973547B-FAEF-4225-9743-6173503EA121}.Release|Any CPU.Build.0 = Release|Any CPU
	EndGlobalSection
	GlobalSection(SolutionProperties) = preSolution
		HideSolutionNode = FALSE
	EndGlobalSection
EndGlobal
